
Microsoft Visual Studio Solution File, Format Version 12.00
# Visual Studio Version 16
VisualStudioVersion = 16.0.32929.386
MinimumVisualStudioVersion = 10.0.40219.1
Project("{FAE04EC0-301F-11D3-BF4B-00C04F79EFBC}") = "3LAB32", "3LAB32\3LAB32.csproj", "{FD809C4E-DE34-404F-A043-14A0128A0934}"
EndProject
Project("{FAE04EC0-301F-11D3-BF4B-00C04F79EFBC}") = "DAL", "DAL\DAL.csproj", "{CBA1089A-03B7-4A47-BEE4-985CBD762317}"
EndProject
Project("{FAE04EC0-301F-11D3-BF4B-00C04F79EFBC}") = "BLL", "BLL\BLL.csproj", "{776E4564-80EC-40CD-B20F-0AD0E46B35F1}"
EndProject
Global
	GlobalSection(SolutionConfigurationPlatforms) = preSolution
		Debug|Any CPU = Debug|Any CPU
		Release|Any CPU = Release|Any CPU
	EndGlobalSection
	GlobalSection(ProjectConfigurationPlatforms) = postSolution
		{FD809C4E-DE34-404F-A043-14A0128A0934}.Debug|Any CPU.ActiveCfg = Debug|Any CPU
		{FD809C4E-DE34-404F-A043-14A0128A0934}.Debug|Any CPU.Build.0 = Debug|Any CPU
		{FD809C4E-DE34-404F-A043-14A0128A0934}.Release|Any CPU.ActiveCfg = Release|Any CPU
		{FD809C4E-DE34-404F-A043-14A0128A0934}.Release|Any CPU.Build.0 = Release|Any CPU
		{CBA1089A-03B7-4A47-BEE4-985CBD762317}.Debug|Any CPU.ActiveCfg = Debug|Any CPU
		{CBA1089A-03B7-4A47-BEE4-985CBD762317}.Debug|Any CPU.Build.0 = Debug|Any CPU
		{CBA1089A-03B7-4A47-BEE4-985CBD762317}.Release|Any CPU.ActiveCfg = Release|Any CPU
		{CBA1089A-03B7-4A47-BEE4-985CBD762317}.Release|Any CPU.Build.0 = Release|Any CPU
		{776E4564-80EC-40CD-B20F-0AD0E46B35F1}.Debug|Any CPU.ActiveCfg = Debug|Any CPU
		{776E4564-80EC-40CD-B20F-0AD0E46B35F1}.Debug|Any CPU.Build.0 = Debug|Any CPU
		{776E4564-80EC-40CD-B20F-0AD0E46B35F1}.Release|Any CPU.ActiveCfg = Release|Any CPU
		{776E4564-80EC-40CD-B20F-0AD0E46B35F1}.Release|Any CPU.Build.0 = Release|Any CPU
	EndGlobalSection
	GlobalSection(SolutionProperties) = preSolution
		HideSolutionNode = FALSE
	EndGlobalSection
	GlobalSection(ExtensibilityGlobals) = postSolution
		SolutionGuid = {433E33C5-CB2E-46CB-AFFA-A3C781A643E1}
	EndGlobalSection
EndGlobal
